// !$*UTF8*$!
{
	archiveVersion = 1;
	classes = {
	};
	objectVersion = 55;
	objects = {

/* Begin PBXBuildFile section */
		1E206FA1279901190050FB88 /* AppDelegate.swift in Sources */ = {isa = PBXBuildFile; fileRef = 1E206FA0279901190050FB88 /* AppDelegate.swift */; };
		1E206FA3279901190050FB88 /* SceneDelegate.swift in Sources */ = {isa = PBXBuildFile; fileRef = 1E206FA2279901190050FB88 /* SceneDelegate.swift */; };
		1E206FA5279901190050FB88 /* ViewController.swift in Sources */ = {isa = PBXBuildFile; fileRef = 1E206FA4279901190050FB88 /* ViewController.swift */; };
		1E206FA8279901190050FB88 /* Main.storyboard in Resources */ = {isa = PBXBuildFile; fileRef = 1E206FA6279901190050FB88 /* Main.storyboard */; };
		1E206FAA2799011B0050FB88 /* Assets.xcassets in Resources */ = {isa = PBXBuildFile; fileRef = 1E206FA92799011B0050FB88 /* Assets.xcassets */; };
		1E206FAD2799011B0050FB88 /* LaunchScreen.storyboard in Resources */ = {isa = PBXBuildFile; fileRef = 1E206FAB2799011B0050FB88 /* LaunchScreen.storyboard */; };
		1E206FBC27992B870050FB88 /* PlayerView.swift in Sources */ = {isa = PBXBuildFile; fileRef = 1E206FBB27992B870050FB88 /* PlayerView.swift */; };
		1E206FBE27992CD60050FB88 /* AssetPlayer.swift in Sources */ = {isa = PBXBuildFile; fileRef = 1E206FBD27992CD60050FB88 /* AssetPlayer.swift */; };
		1E206FC427992DC30050FB88 /* NowPlayableMetadata.swift in Sources */ = {isa = PBXBuildFile; fileRef = 1E206FC027992DC30050FB88 /* NowPlayableMetadata.swift */; };
		1E206FC527992DC30050FB88 /* NowPlayable.swift in Sources */ = {isa = PBXBuildFile; fileRef = 1E206FC127992DC30050FB88 /* NowPlayable.swift */; };
		1E206FC627992DC30050FB88 /* NowPlayableError.swift in Sources */ = {isa = PBXBuildFile; fileRef = 1E206FC227992DC30050FB88 /* NowPlayableError.swift */; };
		1E206FC727992DC30050FB88 /* NowPlayableCommand.swift in Sources */ = {isa = PBXBuildFile; fileRef = 1E206FC327992DC30050FB88 /* NowPlayableCommand.swift */; };
/* End PBXBuildFile section */

/* Begin PBXFileReference section */
		1E206F9D279901190050FB88 /* HLS.app */ = {isa = PBXFileReference; explicitFileType = wrapper.application; includeInIndex = 0; path = HLS.app; sourceTree = BUILT_PRODUCTS_DIR; };
		1E206FA0279901190050FB88 /* AppDelegate.swift */ = {isa = PBXFileReference; lastKnownFileType = sourcecode.swift; path = AppDelegate.swift; sourceTree = "<group>"; };
		1E206FA2279901190050FB88 /* SceneDelegate.swift */ = {isa = PBXFileReference; lastKnownFileType = sourcecode.swift; path = SceneDelegate.swift; sourceTree = "<group>"; };
		1E206FA4279901190050FB88 /* ViewController.swift */ = {isa = PBXFileReference; lastKnownFileType = sourcecode.swift; path = ViewController.swift; sourceTree = "<group>"; };
		1E206FA7279901190050FB88 /* Base */ = {isa = PBXFileReference; lastKnownFileType = file.storyboard; name = Base; path = Base.lproj/Main.storyboard; sourceTree = "<group>"; };
		1E206FA92799011B0050FB88 /* Assets.xcassets */ = {isa = PBXFileReference; lastKnownFileType = folder.assetcatalog; path = Assets.xcassets; sourceTree = "<group>"; };
		1E206FAC2799011B0050FB88 /* Base */ = {isa = PBXFileReference; lastKnownFileType = file.storyboard; name = Base; path = Base.lproj/LaunchScreen.storyboard; sourceTree = "<group>"; };
		1E206FAE2799011B0050FB88 /* Info.plist */ = {isa = PBXFileReference; lastKnownFileType = text.plist.xml; path = Info.plist; sourceTree = "<group>"; };
		1E206FBB27992B870050FB88 /* PlayerView.swift */ = {isa = PBXFileReference; lastKnownFileType = sourcecode.swift; path = PlayerView.swift; sourceTree = "<group>"; };
		1E206FBD27992CD60050FB88 /* AssetPlayer.swift */ = {isa = PBXFileReference; lastKnownFileType = sourcecode.swift; path = AssetPlayer.swift; sourceTree = "<group>"; };
		1E206FC027992DC30050FB88 /* NowPlayableMetadata.swift */ = {isa = PBXFileReference; fileEncoding = 4; lastKnownFileType = sourcecode.swift; path = NowPlayableMetadata.swift; sourceTree = "<group>"; };
		1E206FC127992DC30050FB88 /* NowPlayable.swift */ = {isa = PBXFileReference; fileEncoding = 4; lastKnownFileType = sourcecode.swift; path = NowPlayable.swift; sourceTree = "<group>"; };
		1E206FC227992DC30050FB88 /* NowPlayableError.swift */ = {isa = PBXFileReference; fileEncoding = 4; lastKnownFileType = sourcecode.swift; path = NowPlayableError.swift; sourceTree = "<group>"; };
		1E206FC327992DC30050FB88 /* NowPlayableCommand.swift */ = {isa = PBXFileReference; fileEncoding = 4; lastKnownFileType = sourcecode.swift; path = NowPlayableCommand.swift; sourceTree = "<group>"; };
/* End PBXFileReference section */

/* Begin PBXFrameworksBuildPhase section */
		1E206F9A279901190050FB88 /* Frameworks */ = {
			isa = PBXFrameworksBuildPhase;
			buildActionMask = 2147483647;
			files = (
			);
			runOnlyForDeploymentPostprocessing = 0;
		};
/* End PBXFrameworksBuildPhase section */

/* Begin PBXGroup section */
		1E206F94279901190050FB88 = {
			isa = PBXGroup;
			children = (
				1E206F9F279901190050FB88 /* HLS */,
				1E206F9E279901190050FB88 /* Products */,
			);
			sourceTree = "<group>";
		};
		1E206F9E279901190050FB88 /* Products */ = {
			isa = PBXGroup;
			children = (
				1E206F9D279901190050FB88 /* HLS.app */,
			);
			name = Products;
			sourceTree = "<group>";
		};
		1E206F9F279901190050FB88 /* HLS */ = {
			isa = PBXGroup;
			children = (
				1E206FA0279901190050FB88 /* AppDelegate.swift */,
				1E206FA2279901190050FB88 /* SceneDelegate.swift */,
				1E206FBB27992B870050FB88 /* PlayerView.swift */,
				1E206FBD27992CD60050FB88 /* AssetPlayer.swift */,
				1E206FBF27992DC30050FB88 /* NowPlayable */,
				1E206FA4279901190050FB88 /* ViewController.swift */,
				1E206FA6279901190050FB88 /* Main.storyboard */,
				1E206FA92799011B0050FB88 /* Assets.xcassets */,
				1E206FAB2799011B0050FB88 /* LaunchScreen.storyboard */,
				1E206FAE2799011B0050FB88 /* Info.plist */,
			);
			path = HLS;
			sourceTree = "<group>";
		};
		1E206FBF27992DC30050FB88 /* NowPlayable */ = {
			isa = PBXGroup;
			children = (
				1E206FC027992DC30050FB88 /* NowPlayableMetadata.swift */,
				1E206FC127992DC30050FB88 /* NowPlayable.swift */,
				1E206FC227992DC30050FB88 /* NowPlayableError.swift */,
				1E206FC327992DC30050FB88 /* NowPlayableCommand.swift */,
			);
			path = NowPlayable;
			sourceTree = "<group>";
		};
/* End PBXGroup section */

/* Begin PBXNativeTarget section */
		1E206F9C279901190050FB88 /* HLS */ = {
			isa = PBXNativeTarget;
			buildConfigurationList = 1E206FB12799011B0050FB88 /* Build configuration list for PBXNativeTarget "HLS" */;
			buildPhases = (
				1E206F99279901190050FB88 /* Sources */,
				1E206F9A279901190050FB88 /* Frameworks */,
				1E206F9B279901190050FB88 /* Resources */,
			);
			buildRules = (
			);
			dependencies = (
			);
			name = HLS;
			productName = HLS;
			productReference = 1E206F9D279901190050FB88 /* HLS.app */;
			productType = "com.apple.product-type.application";
		};
/* End PBXNativeTarget section */

/* Begin PBXProject section */
		1E206F95279901190050FB88 /* Project object */ = {
			isa = PBXProject;
			attributes = {
				BuildIndependentTargetsInParallel = 1;
				LastSwiftUpdateCheck = 1320;
				LastUpgradeCheck = 1320;
				TargetAttributes = {
					1E206F9C279901190050FB88 = {
						CreatedOnToolsVersion = 13.2.1;
					};
				};
			};
			buildConfigurationList = 1E206F98279901190050FB88 /* Build configuration list for PBXProject "HLS" */;
			compatibilityVersion = "Xcode 13.0";
			developmentRegion = en;
			hasScannedForEncodings = 0;
			knownRegions = (
				en,
				Base,
			);
			mainGroup = 1E206F94279901190050FB88;
			productRefGroup = 1E206F9E279901190050FB88 /* Products */;
			projectDirPath = "";
			projectRoot = "";
			targets = (
				1E206F9C279901190050FB88 /* HLS */,
			);
		};
/* End PBXProject section */

/* Begin PBXResourcesBuildPhase section */
		1E206F9B279901190050FB88 /* Resources */ = {
			isa = PBXResourcesBuildPhase;
			buildActionMask = 2147483647;
			files = (
				1E206FAD2799011B0050FB88 /* LaunchScreen.storyboard in Resources */,
				1E206FAA2799011B0050FB88 /* Assets.xcassets in Resources */,
				1E206FA8279901190050FB88 /* Main.storyboard in Resources */,
			);
			runOnlyForDeploymentPostprocessing = 0;
		};
/* End PBXResourcesBuildPhase section */

/* Begin PBXSourcesBuildPhase section */
		1E206F99279901190050FB88 /* Sources */ = {
			isa = PBXSourcesBuildPhase;
			buildActionMask = 2147483647;
			files = (
				1E206FC727992DC30050FB88 /* NowPlayableCommand.swift in Sources */,
				1E206FC627992DC30050FB88 /* NowPlayableError.swift in Sources */,
				1E206FA5279901190050FB88 /* ViewController.swift in Sources */,
				1E206FBE27992CD60050FB88 /* AssetPlayer.swift in Sources */,
				1E206FC527992DC30050FB88 /* NowPlayable.swift in Sources */,
				1E206FBC27992B870050FB88 /* PlayerView.swift in Sources */,
				1E206FA1279901190050FB88 /* AppDelegate.swift in Sources */,
				1E206FC427992DC30050FB88 /* NowPlayableMetadata.swift in Sources */,
				1E206FA3279901190050FB88 /* SceneDelegate.swift in Sources */,
			);
			runOnlyForDeploymentPostprocessing = 0;
		};
/* End PBXSourcesBuildPhase section */

/* Begin PBXVariantGroup section */
		1E206FA6279901190050FB88 /* Main.storyboard */ = {
			isa = PBXVariantGroup;
			children = (
				1E206FA7279901190050FB88 /* Base */,
			);
			name = Main.storyboard;
			sourceTree = "<group>";
		};
		1E206FAB2799011B0050FB88 /* LaunchScreen.storyboard */ = {
			isa = PBXVariantGroup;
			children = (
				1E206FAC2799011B0050FB88 /* Base */,
			);
			name = LaunchScreen.storyboard;
			sourceTree = "<group>";
		};
/* End PBXVariantGroup section */

/* Begin XCBuildConfiguration section */
		1E206FAF2799011B0050FB88 /* Debug */ = {
			isa = XCBuildConfiguration;
			buildSettings = {
				ALWAYS_SEARCH_USER_PATHS = NO;
				CLANG_ANALYZER_NONNULL = YES;
				CLANG_ANALYZER_NUMBER_OBJECT_CONVERSION = YES_AGGRESSIVE;
				CLANG_CXX_LANGUAGE_STANDARD = "gnu++17";
				CLANG_CXX_LIBRARY = "libc++";
				CLANG_ENABLE_MODULES = YES;
				CLANG_ENABLE_OBJC_ARC = YES;
				CLANG_ENABLE_OBJC_WEAK = YES;
				CLANG_WARN_BLOCK_CAPTURE_AUTORELEASING = YES;
				CLANG_WARN_BOOL_CONVERSION = YES;
				CLANG_WARN_COMMA = YES;
				CLANG_WARN_CONSTANT_CONVERSION = YES;
				CLANG_WARN_DEPRECATED_OBJC_IMPLEMENTATIONS = YES;
				CLANG_WARN_DIRECT_OBJC_ISA_USAGE = YES_ERROR;
				CLANG_WARN_DOCUMENTATION_COMMENTS = YES;
				CLANG_WARN_EMPTY_BODY = YES;
				CLANG_WARN_ENUM_CONVERSION = YES;
				CLANG_WARN_INFINITE_RECURSION = YES;
				CLANG_WARN_INT_CONVERSION = YES;
				CLANG_WARN_NON_LITERAL_NULL_CONVERSION = YES;
				CLANG_WARN_OBJC_IMPLICIT_RETAIN_SELF = YES;
				CLANG_WARN_OBJC_LITERAL_CONVERSION = YES;
				CLANG_WARN_OBJC_ROOT_CLASS = YES_ERROR;
				CLANG_WARN_QUOTED_INCLUDE_IN_FRAMEWORK_HEADER = YES;
				CLANG_WARN_RANGE_LOOP_ANALYSIS = YES;
				CLANG_WARN_STRICT_PROTOTYPES = YES;
				CLANG_WARN_SUSPICIOUS_MOVE = YES;
				CLANG_WARN_UNGUARDED_AVAILABILITY = YES_AGGRESSIVE;
				CLANG_WARN_UNREACHABLE_CODE = YES;
				CLANG_WARN__DUPLICATE_METHOD_MATCH = YES;
				COPY_PHASE_STRIP = NO;
				DEBUG_INFORMATION_FORMAT = dwarf;
				ENABLE_STRICT_OBJC_MSGSEND = YES;
				ENABLE_TESTABILITY = YES;
				GCC_C_LANGUAGE_STANDARD = gnu11;
				GCC_DYNAMIC_NO_PIC = NO;
				GCC_NO_COMMON_BLOCKS = YES;
				GCC_OPTIMIZATION_LEVEL = 0;
				GCC_PREPROCESSOR_DEFINITIONS = (
					"DEBUG=1",
					"$(inherited)",
				);
				GCC_WARN_64_TO_32_BIT_CONVERSION = YES;
				GCC_WARN_ABOUT_RETURN_TYPE = YES_ERROR;
				GCC_WARN_UNDECLARED_SELECTOR = YES;
				GCC_WARN_UNINITIALIZED_AUTOS = YES_AGGRESSIVE;
				GCC_WARN_UNUSED_FUNCTION = YES;
				GCC_WARN_UNUSED_VARIABLE = YES;
				IPHONEOS_DEPLOYMENT_TARGET = 15.2;
				MTL_ENABLE_DEBUG_INFO = INCLUDE_SOURCE;
				MTL_FAST_MATH = YES;
				ONLY_ACTIVE_ARCH = YES;
				SDKROOT = iphoneos;
				SWIFT_ACTIVE_COMPILATION_CONDITIONS = DEBUG;
				SWIFT_OPTIMIZATION_LEVEL = "-Onone";
			};
			name = Debug;
		};
		1E206FB02799011B0050FB88 /* Release */ = {
			isa = XCBuildConfiguration;
			buildSettings = {
				ALWAYS_SEARCH_USER_PATHS = NO;
				CLANG_ANALYZER_NONNULL = YES;
				CLANG_ANALYZER_NUMBER_OBJECT_CONVERSION = YES_AGGRESSIVE;
				CLANG_CXX_LANGUAGE_STANDARD = "gnu++17";
				CLANG_CXX_LIBRARY = "libc++";
				CLANG_ENABLE_MODULES = YES;
				CLANG_ENABLE_OBJC_ARC = YES;
				CLANG_ENABLE_OBJC_WEAK = YES;
				CLANG_WARN_BLOCK_CAPTURE_AUTORELEASING = YES;
				CLANG_WARN_BOOL_CONVERSION = YES;
				CLANG_WARN_COMMA = YES;
				CLANG_WARN_CONSTANT_CONVERSION = YES;
				CLANG_WARN_DEPRECATED_OBJC_IMPLEMENTATIONS = YES;
				CLANG_WARN_DIRECT_OBJC_ISA_USAGE = YES_ERROR;
				CLANG_WARN_DOCUMENTATION_COMMENTS = YES;
				CLANG_WARN_EMPTY_BODY = YES;
				CLANG_WARN_ENUM_CONVERSION = YES;
				CLANG_WARN_INFINITE_RECURSION = YES;
				CLANG_WARN_INT_CONVERSION = YES;
				CLANG_WARN_NON_LITERAL_NULL_CONVERSION = YES;
				CLANG_WARN_OBJC_IMPLICIT_RETAIN_SELF = YES;
				CLANG_WARN_OBJC_LITERAL_CONVERSION = YES;
				CLANG_WARN_OBJC_ROOT_CLASS = YES_ERROR;
				CLANG_WARN_QUOTED_INCLUDE_IN_FRAMEWORK_HEADER = YES;
				CLANG_WARN_RANGE_LOOP_ANALYSIS = YES;
				CLANG_WARN_STRICT_PROTOTYPES = YES;
				CLANG_WARN_SUSPICIOUS_MOVE = YES;
				CLANG_WARN_UNGUARDED_AVAILABILITY = YES_AGGRESSIVE;
				CLANG_WARN_UNREACHABLE_CODE = YES;
				CLANG_WARN__DUPLICATE_METHOD_MATCH = YES;
				COPY_PHASE_STRIP = NO;
				DEBUG_INFORMATION_FORMAT = "dwarf-with-dsym";
				ENABLE_NS_ASSERTIONS = NO;
				ENABLE_STRICT_OBJC_MSGSEND = YES;
				GCC_C_LANGUAGE_STANDARD = gnu11;
				GCC_NO_COMMON_BLOCKS = YES;
				GCC_WARN_64_TO_32_BIT_CONVERSION = YES;
				GCC_WARN_ABOUT_RETURN_TYPE = YES_ERROR;
				GCC_WARN_UNDECLARED_SELECTOR = YES;
				GCC_WARN_UNINITIALIZED_AUTOS = YES_AGGRESSIVE;
				GCC_WARN_UNUSED_FUNCTION = YES;
				GCC_WARN_UNUSED_VARIABLE = YES;
				IPHONEOS_DEPLOYMENT_TARGET = 15.2;
				MTL_ENABLE_DEBUG_INFO = NO;
				MTL_FAST_MATH = YES;
				SDKROOT = iphoneos;
				SWIFT_COMPILATION_MODE = wholemodule;
				SWIFT_OPTIMIZATION_LEVEL = "-O";
				VALIDATE_PRODUCT = YES;
			};
			name = Release;
		};
		1E206FB22799011B0050FB88 /* Debug */ = {
			isa = XCBuildConfiguration;
			buildSettings = {
				ASSETCATALOG_COMPILER_APPICON_NAME = AppIcon;
				ASSETCATALOG_COMPILER_GLOBAL_ACCENT_COLOR_NAME = AccentColor;
				CODE_SIGN_STYLE = Automatic;
				CURRENT_PROJECT_VERSION = 1;
				DEVELOPMENT_TEAM = 7L5368DD56;
				GENERATE_INFOPLIST_FILE = YES;
				INFOPLIST_FILE = HLS/Info.plist;
				INFOPLIST_KEY_UIApplicationSupportsIndirectInputEvents = YES;
				INFOPLIST_KEY_UILaunchStoryboardName = LaunchScreen;
				INFOPLIST_KEY_UIMainStoryboardFile = Main;
				INFOPLIST_KEY_UISupportedInterfaceOrientations_iPad = "UIInterfaceOrientationPortrait UIInterfaceOrientationPortraitUpsideDown UIInterfaceOrientationLandscapeLeft UIInterfaceOrientationLandscapeRight";
				INFOPLIST_KEY_UISupportedInterfaceOrientations_iPhone = "UIInterfaceOrientationPortrait UIInterfaceOrientationLandscapeLeft UIInterfaceOrientationLandscapeRight";
				LD_RUNPATH_SEARCH_PATHS = (
					"$(inherited)",
					"@executable_path/Frameworks",
				);
				MARKETING_VERSION = 1.0;
				PRODUCT_BUNDLE_IDENTIFIER = HongzCloud.HLS;
				PRODUCT_NAME = "$(TARGET_NAME)";
				SWIFT_EMIT_LOC_STRINGS = YES;
				SWIFT_VERSION = 5.0;
				TARGETED_DEVICE_FAMILY = "1,2";
			};
			name = Debug;
		};
		1E206FB32799011B0050FB88 /* Release */ = {
			isa = XCBuildConfiguration;
			buildSettings = {
				ASSETCATALOG_COMPILER_APPICON_NAME = AppIcon;
				ASSETCATALOG_COMPILER_GLOBAL_ACCENT_COLOR_NAME = AccentColor;
				CODE_SIGN_STYLE = Automatic;
				CURRENT_PROJECT_VERSION = 1;
				DEVELOPMENT_TEAM = 7L5368DD56;
				GENERATE_INFOPLIST_FILE = YES;
				INFOPLIST_FILE = HLS/Info.plist;
				INFOPLIST_KEY_UIApplicationSupportsIndirectInputEvents = YES;
				INFOPLIST_KEY_UILaunchStoryboardName = LaunchScreen;
				INFOPLIST_KEY_UIMainStoryboardFile = Main;
				INFOPLIST_KEY_UISupportedInterfaceOrientations_iPad = "UIInterfaceOrientationPortrait UIInterfaceOrientationPortraitUpsideDown UIInterfaceOrientationLandscapeLeft UIInterfaceOrientationLandscapeRight";
				INFOPLIST_KEY_UISupportedInterfaceOrientations_iPhone = "UIInterfaceOrientationPortrait UIInterfaceOrientationLandscapeLeft UIInterfaceOrientationLandscapeRight";
				LD_RUNPATH_SEARCH_PATHS = (
					"$(inherited)",
					"@executable_path/Frameworks",
				);
				MARKETING_VERSION = 1.0;
				PRODUCT_BUNDLE_IDENTIFIER = HongzCloud.HLS;
				PRODUCT_NAME = "$(TARGET_NAME)";
				SWIFT_EMIT_LOC_STRINGS = YES;
				SWIFT_VERSION = 5.0;
				TARGETED_DEVICE_FAMILY = "1,2";
			};
			name = Release;
		};
/* End XCBuildConfiguration section */

/* Begin XCConfigurationList section */
		1E206F98279901190050FB88 /* Build configuration list for PBXProject "HLS" */ = {
			isa = XCConfigurationList;
			buildConfigurations = (
				1E206FAF2799011B0050FB88 /* Debug */,
				1E206FB02799011B0050FB88 /* Release */,
			);
			defaultConfigurationIsVisible = 0;
			defaultConfigurationName = Release;
		};
		1E206FB12799011B0050FB88 /* Build configuration list for PBXNativeTarget "HLS" */ = {
			isa = XCConfigurationList;
			buildConfigurations = (
				1E206FB22799011B0050FB88 /* Debug */,
				1E206FB32799011B0050FB88 /* Release */,
			);
			defaultConfigurationIsVisible = 0;
			defaultConfigurationName = Release;
		};
/* End XCConfigurationList section */
	};
	rootObject = 1E206F95279901190050FB88 /* Project object */;
}
